
Microsoft Visual Studio Solution File, Format Version 12.00
# Visual Studio Version 16
VisualStudioVersion = 16.0.30717.126
MinimumVisualStudioVersion = 10.0.40219.1
Project("{FAE04EC0-301F-11D3-BF4B-00C04F79EFBC}") = "Assignement4", "Assignement4\Assignement4.csproj", "{E276626B-0B3F-4000-B049-705E2D83604A}"
EndProject
Global
	GlobalSection(SolutionConfigurationPlatforms) = preSolution
		Debug|Any CPU = Debug|Any CPU
		Release|Any CPU = Release|Any CPU
	EndGlobalSection
	GlobalSection(ProjectConfigurationPlatforms) = postSolution
		{E276626B-0B3F-4000-B049-705E2D83604A}.Debug|Any CPU.ActiveCfg = Debug|Any CPU
		{E276626B-0B3F-4000-B049-705E2D83604A}.Debug|Any CPU.Build.0 = Debug|Any CPU
		{E276626B-0B3F-4000-B049-705E2D83604A}.Release|Any CPU.ActiveCfg = Release|Any CPU
		{E276626B-0B3F-4000-B049-705E2D83604A}.Release|Any CPU.Build.0 = Release|Any CPU
	EndGlobalSection
	GlobalSection(SolutionProperties) = preSolution
		HideSolutionNode = FALSE
	EndGlobalSection
	GlobalSection(ExtensibilityGlobals) = postSolution
		SolutionGuid = {507D39E9-4E8C-4528-BE18-9E5ED9F8AB0F}
	EndGlobalSection
EndGlobal
