
Microsoft Visual Studio Solution File, Format Version 12.00
# Visual Studio Version 16
VisualStudioVersion = 16.0.30717.126
MinimumVisualStudioVersion = 10.0.40219.1
Project("{FAE04EC0-301F-11D3-BF4B-00C04F79EFBC}") = "OOverloading", "OOverloading\OOverloading.csproj", "{EF6C616B-A1BC-4E02-89D1-A6883516CC97}"
EndProject
Global
	GlobalSection(SolutionConfigurationPlatforms) = preSolution
		Debug|Any CPU = Debug|Any CPU
		Release|Any CPU = Release|Any CPU
	EndGlobalSection
	GlobalSection(ProjectConfigurationPlatforms) = postSolution
		{EF6C616B-A1BC-4E02-89D1-A6883516CC97}.Debug|Any CPU.ActiveCfg = Debug|Any CPU
		{EF6C616B-A1BC-4E02-89D1-A6883516CC97}.Debug|Any CPU.Build.0 = Debug|Any CPU
		{EF6C616B-A1BC-4E02-89D1-A6883516CC97}.Release|Any CPU.ActiveCfg = Release|Any CPU
		{EF6C616B-A1BC-4E02-89D1-A6883516CC97}.Release|Any CPU.Build.0 = Release|Any CPU
	EndGlobalSection
	GlobalSection(SolutionProperties) = preSolution
		HideSolutionNode = FALSE
	EndGlobalSection
	GlobalSection(ExtensibilityGlobals) = postSolution
		SolutionGuid = {711F22FC-4B37-4F18-9F16-13E8913D76D2}
	EndGlobalSection
EndGlobal
