
Microsoft Visual Studio Solution File, Format Version 12.00
# Visual Studio Version 16
VisualStudioVersion = 16.0.30717.126
MinimumVisualStudioVersion = 10.0.40219.1
Project("{FAE04EC0-301F-11D3-BF4B-00C04F79EFBC}") = "Project1", "Project1\Project1.csproj", "{6B244179-55A1-4D3D-8193-4540F31D7541}"
EndProject
Project("{FAE04EC0-301F-11D3-BF4B-00C04F79EFBC}") = "Project2", "Project2\Project2.csproj", "{CE7E6D59-1EB9-49A3-97DB-C584DE46FB73}"
EndProject
Project("{FAE04EC0-301F-11D3-BF4B-00C04F79EFBC}") = "Project3", "Project3\Project3.csproj", "{29B277D2-0D80-41B9-BABF-BBDF2655123E}"
EndProject
Project("{FAE04EC0-301F-11D3-BF4B-00C04F79EFBC}") = "Assignement1", "Assignement1\Assignement1.csproj", "{5D77598A-26E7-4FD3-8C5E-3767EA21AB68}"
EndProject
Global
	GlobalSection(SolutionConfigurationPlatforms) = preSolution
		Debug|Any CPU = Debug|Any CPU
		Release|Any CPU = Release|Any CPU
	EndGlobalSection
	GlobalSection(ProjectConfigurationPlatforms) = postSolution
		{6B244179-55A1-4D3D-8193-4540F31D7541}.Debug|Any CPU.ActiveCfg = Debug|Any CPU
		{6B244179-55A1-4D3D-8193-4540F31D7541}.Debug|Any CPU.Build.0 = Debug|Any CPU
		{6B244179-55A1-4D3D-8193-4540F31D7541}.Release|Any CPU.ActiveCfg = Release|Any CPU
		{6B244179-55A1-4D3D-8193-4540F31D7541}.Release|Any CPU.Build.0 = Release|Any CPU
		{CE7E6D59-1EB9-49A3-97DB-C584DE46FB73}.Debug|Any CPU.ActiveCfg = Debug|Any CPU
		{CE7E6D59-1EB9-49A3-97DB-C584DE46FB73}.Debug|Any CPU.Build.0 = Debug|Any CPU
		{CE7E6D59-1EB9-49A3-97DB-C584DE46FB73}.Release|Any CPU.ActiveCfg = Release|Any CPU
		{CE7E6D59-1EB9-49A3-97DB-C584DE46FB73}.Release|Any CPU.Build.0 = Release|Any CPU
		{29B277D2-0D80-41B9-BABF-BBDF2655123E}.Debug|Any CPU.ActiveCfg = Debug|Any CPU
		{29B277D2-0D80-41B9-BABF-BBDF2655123E}.Debug|Any CPU.Build.0 = Debug|Any CPU
		{29B277D2-0D80-41B9-BABF-BBDF2655123E}.Release|Any CPU.ActiveCfg = Release|Any CPU
		{29B277D2-0D80-41B9-BABF-BBDF2655123E}.Release|Any CPU.Build.0 = Release|Any CPU
		{5D77598A-26E7-4FD3-8C5E-3767EA21AB68}.Debug|Any CPU.ActiveCfg = Debug|Any CPU
		{5D77598A-26E7-4FD3-8C5E-3767EA21AB68}.Debug|Any CPU.Build.0 = Debug|Any CPU
		{5D77598A-26E7-4FD3-8C5E-3767EA21AB68}.Release|Any CPU.ActiveCfg = Release|Any CPU
		{5D77598A-26E7-4FD3-8C5E-3767EA21AB68}.Release|Any CPU.Build.0 = Release|Any CPU
	EndGlobalSection
	GlobalSection(SolutionProperties) = preSolution
		HideSolutionNode = FALSE
	EndGlobalSection
	GlobalSection(ExtensibilityGlobals) = postSolution
		SolutionGuid = {A85D970A-B8AF-4A18-B33E-67390ED93C08}
	EndGlobalSection
EndGlobal
